
Microsoft Visual Studio Solution File, Format Version 12.00
# Visual Studio Version 16
VisualStudioVersion = 16.0.29411.108
MinimumVisualStudioVersion = 10.0.40219.1
Project("{9A19103F-16F7-4668-BE54-9A1E7A4F7556}") = "DemoCleanArchitecture.WebApi", "DemoCleanArchitecture.WebApi\DemoCleanArchitecture.WebApi.csproj", "{DB4F2487-E0D6-4FEB-8CCC-AF34BE38523C}"
EndProject
Project("{9A19103F-16F7-4668-BE54-9A1E7A4F7556}") = "DemoCleanArchitecture.Domain", "DemoCleanArchitecture.Domain\DemoCleanArchitecture.Domain.csproj", "{47F63DFF-1D5D-4C5E-8C80-37FB176B06EE}"
EndProject
Project("{9A19103F-16F7-4668-BE54-9A1E7A4F7556}") = "DemoCleanArchitecture.Application", "DemoCleanArchitecture.Application\DemoCleanArchitecture.Application.csproj", "{38DF1F68-450E-4E83-9B9A-364E4BE7FD22}"
EndProject
Project("{9A19103F-16F7-4668-BE54-9A1E7A4F7556}") = "DemoCleanArchitecture.Infrastructure", "DemoCleanArchitecture.Infrastructure\DemoCleanArchitecture.Infrastructure.csproj", "{D4389220-B5F8-41C6-9120-589DCF9E2C0B}"
EndProject
Project("{9A19103F-16F7-4668-BE54-9A1E7A4F7556}") = "DemoCleanArchitecture.Tests", "DemoCleanArchitecture.Tests\DemoCleanArchitecture.Tests.csproj", "{2623821A-1E18-433B-9E5A-09B3227B6BE7}"
EndProject
Project("{2150E333-8FDC-42A3-9474-1A3956D46DE8}") = "Migration", "Migration", "{0947819D-6C15-4D0B-867A-9A32013D0EDC}"
EndProject
Project("{9A19103F-16F7-4668-BE54-9A1E7A4F7556}") = "DemoCleanArchitecture.Migration", "DemoCleanArchitecture.Migration\DemoCleanArchitecture.Migration.csproj", "{36820081-67C8-4DEB-A8FF-E781FECD10EE}"
EndProject
Project("{2150E333-8FDC-42A3-9474-1A3956D46DE8}") = "Tests", "Tests", "{21EF6FA5-2872-4972-9392-812CA2EAFD2A}"
EndProject
Project("{E53339B2-1760-4266-BCC7-CA923CBCF16C}") = "docker-compose", "docker-compose.dcproj", "{2DF50759-50BA-4A89-94C7-DDDDFC34E650}"
EndProject
Global
	GlobalSection(SolutionConfigurationPlatforms) = preSolution
		Debug|Any CPU = Debug|Any CPU
		Release|Any CPU = Release|Any CPU
	EndGlobalSection
	GlobalSection(ProjectConfigurationPlatforms) = postSolution
		{DB4F2487-E0D6-4FEB-8CCC-AF34BE38523C}.Debug|Any CPU.ActiveCfg = Debug|Any CPU
		{DB4F2487-E0D6-4FEB-8CCC-AF34BE38523C}.Debug|Any CPU.Build.0 = Debug|Any CPU
		{DB4F2487-E0D6-4FEB-8CCC-AF34BE38523C}.Release|Any CPU.ActiveCfg = Release|Any CPU
		{DB4F2487-E0D6-4FEB-8CCC-AF34BE38523C}.Release|Any CPU.Build.0 = Release|Any CPU
		{47F63DFF-1D5D-4C5E-8C80-37FB176B06EE}.Debug|Any CPU.ActiveCfg = Debug|Any CPU
		{47F63DFF-1D5D-4C5E-8C80-37FB176B06EE}.Debug|Any CPU.Build.0 = Debug|Any CPU
		{47F63DFF-1D5D-4C5E-8C80-37FB176B06EE}.Release|Any CPU.ActiveCfg = Release|Any CPU
		{47F63DFF-1D5D-4C5E-8C80-37FB176B06EE}.Release|Any CPU.Build.0 = Release|Any CPU
		{38DF1F68-450E-4E83-9B9A-364E4BE7FD22}.Debug|Any CPU.ActiveCfg = Debug|Any CPU
		{38DF1F68-450E-4E83-9B9A-364E4BE7FD22}.Debug|Any CPU.Build.0 = Debug|Any CPU
		{38DF1F68-450E-4E83-9B9A-364E4BE7FD22}.Release|Any CPU.ActiveCfg = Release|Any CPU
		{38DF1F68-450E-4E83-9B9A-364E4BE7FD22}.Release|Any CPU.Build.0 = Release|Any CPU
		{D4389220-B5F8-41C6-9120-589DCF9E2C0B}.Debug|Any CPU.ActiveCfg = Debug|Any CPU
		{D4389220-B5F8-41C6-9120-589DCF9E2C0B}.Debug|Any CPU.Build.0 = Debug|Any CPU
		{D4389220-B5F8-41C6-9120-589DCF9E2C0B}.Release|Any CPU.ActiveCfg = Release|Any CPU
		{D4389220-B5F8-41C6-9120-589DCF9E2C0B}.Release|Any CPU.Build.0 = Release|Any CPU
		{2623821A-1E18-433B-9E5A-09B3227B6BE7}.Debug|Any CPU.ActiveCfg = Debug|Any CPU
		{2623821A-1E18-433B-9E5A-09B3227B6BE7}.Debug|Any CPU.Build.0 = Debug|Any CPU
		{2623821A-1E18-433B-9E5A-09B3227B6BE7}.Release|Any CPU.ActiveCfg = Release|Any CPU
		{2623821A-1E18-433B-9E5A-09B3227B6BE7}.Release|Any CPU.Build.0 = Release|Any CPU
		{36820081-67C8-4DEB-A8FF-E781FECD10EE}.Debug|Any CPU.ActiveCfg = Debug|Any CPU
		{36820081-67C8-4DEB-A8FF-E781FECD10EE}.Debug|Any CPU.Build.0 = Debug|Any CPU
		{36820081-67C8-4DEB-A8FF-E781FECD10EE}.Release|Any CPU.ActiveCfg = Release|Any CPU
		{36820081-67C8-4DEB-A8FF-E781FECD10EE}.Release|Any CPU.Build.0 = Release|Any CPU
		{2DF50759-50BA-4A89-94C7-DDDDFC34E650}.Debug|Any CPU.ActiveCfg = Debug|Any CPU
		{2DF50759-50BA-4A89-94C7-DDDDFC34E650}.Debug|Any CPU.Build.0 = Debug|Any CPU
		{2DF50759-50BA-4A89-94C7-DDDDFC34E650}.Release|Any CPU.ActiveCfg = Release|Any CPU
		{2DF50759-50BA-4A89-94C7-DDDDFC34E650}.Release|Any CPU.Build.0 = Release|Any CPU
	EndGlobalSection
	GlobalSection(SolutionProperties) = preSolution
		HideSolutionNode = FALSE
	EndGlobalSection
	GlobalSection(NestedProjects) = preSolution
		{2623821A-1E18-433B-9E5A-09B3227B6BE7} = {21EF6FA5-2872-4972-9392-812CA2EAFD2A}
		{36820081-67C8-4DEB-A8FF-E781FECD10EE} = {0947819D-6C15-4D0B-867A-9A32013D0EDC}
	EndGlobalSection
	GlobalSection(ExtensibilityGlobals) = postSolution
		SolutionGuid = {25A16E6C-7C9F-4AE7-8331-73EB278B9660}
	EndGlobalSection
EndGlobal
